
Microsoft Visual Studio Solution File, Format Version 12.00
# Visual Studio Version 16
VisualStudioVersion = 16.0.30204.135
MinimumVisualStudioVersion = 10.0.40219.1
Project("{FAE04EC0-301F-11D3-BF4B-00C04F79EFBC}") = "ClientTests", "ClientTests\ClientTests.csproj", "{17E2D810-68EE-4DB1-B048-BE2AF659496D}"
EndProject
Global
	GlobalSection(SolutionConfigurationPlatforms) = preSolution
		Debug|Any CPU = Debug|Any CPU
		Release|Any CPU = Release|Any CPU
	EndGlobalSection
	GlobalSection(ProjectConfigurationPlatforms) = postSolution
		{17E2D810-68EE-4DB1-B048-BE2AF659496D}.Debug|Any CPU.ActiveCfg = Debug|Any CPU
		{17E2D810-68EE-4DB1-B048-BE2AF659496D}.Debug|Any CPU.Build.0 = Debug|Any CPU
		{17E2D810-68EE-4DB1-B048-BE2AF659496D}.Release|Any CPU.ActiveCfg = Release|Any CPU
		{17E2D810-68EE-4DB1-B048-BE2AF659496D}.Release|Any CPU.Build.0 = Release|Any CPU
	EndGlobalSection
	GlobalSection(SolutionProperties) = preSolution
		HideSolutionNode = FALSE
	EndGlobalSection
	GlobalSection(ExtensibilityGlobals) = postSolution
		SolutionGuid = {3C8D16B5-02ED-4BFC-B681-8E72B36358CA}
	EndGlobalSection
EndGlobal
